// !$*UTF8*$!
{
	archiveVersion = 1;
	classes = {
	};
	objectVersion = 56;
	objects = {

/* Begin PBXBuildFile section */
		076495612BEFA61D0051CB2A /* AppDelegate.swift in Sources */ = {isa = PBXBuildFile; fileRef = 076495602BEFA61D0051CB2A /* AppDelegate.swift */; };
		076495632BEFA61D0051CB2A /* SceneDelegate.swift in Sources */ = {isa = PBXBuildFile; fileRef = 076495622BEFA61D0051CB2A /* SceneDelegate.swift */; };
		076495652BEFA61D0051CB2A /* ChatViewController.swift in Sources */ = {isa = PBXBuildFile; fileRef = 076495642BEFA61D0051CB2A /* ChatViewController.swift */; };
		076495682BEFA61D0051CB2A /* Base in Resources */ = {isa = PBXBuildFile; fileRef = 076495672BEFA61D0051CB2A /* Base */; };
		0764956A2BEFA61F0051CB2A /* Assets.xcassets in Resources */ = {isa = PBXBuildFile; fileRef = 076495692BEFA61F0051CB2A /* Assets.xcassets */; };
		0764956D2BEFA61F0051CB2A /* Base in Resources */ = {isa = PBXBuildFile; fileRef = 0764956C2BEFA61F0051CB2A /* Base */; };
		076495922BEFA6C90051CB2A /* ChatInteractor.swift in Sources */ = {isa = PBXBuildFile; fileRef = 076495912BEFA6C90051CB2A /* ChatInteractor.swift */; };
		076495952BEFA6EF0051CB2A /* ChatPresenter.swift in Sources */ = {isa = PBXBuildFile; fileRef = 076495942BEFA6EF0051CB2A /* ChatPresenter.swift */; };
		0764959B2BEFA7AB0051CB2A /* ChatCell.swift in Sources */ = {isa = PBXBuildFile; fileRef = 0764959A2BEFA7AB0051CB2A /* ChatCell.swift */; };
		0764959D2BEFAAE20051CB2A /* ChatModels.swift in Sources */ = {isa = PBXBuildFile; fileRef = 0764959C2BEFAAE20051CB2A /* ChatModels.swift */; };
		0764959F2BEFC1630051CB2A /* MessageService.swift in Sources */ = {isa = PBXBuildFile; fileRef = 0764959E2BEFC1630051CB2A /* MessageService.swift */; };
		076495A12BEFC17A0051CB2A /* Message.swift in Sources */ = {isa = PBXBuildFile; fileRef = 076495A02BEFC17A0051CB2A /* Message.swift */; };
		076495A32BEFC1A40051CB2A /* MessageApi.swift in Sources */ = {isa = PBXBuildFile; fileRef = 076495A22BEFC1A40051CB2A /* MessageApi.swift */; };
/* End PBXBuildFile section */

/* Begin PBXFileReference section */
		0764955D2BEFA61D0051CB2A /* ChatProj.app */ = {isa = PBXFileReference; explicitFileType = wrapper.application; includeInIndex = 0; path = ChatProj.app; sourceTree = BUILT_PRODUCTS_DIR; };
		076495602BEFA61D0051CB2A /* AppDelegate.swift */ = {isa = PBXFileReference; lastKnownFileType = sourcecode.swift; path = AppDelegate.swift; sourceTree = "<group>"; };
		076495622BEFA61D0051CB2A /* SceneDelegate.swift */ = {isa = PBXFileReference; lastKnownFileType = sourcecode.swift; path = SceneDelegate.swift; sourceTree = "<group>"; };
		076495642BEFA61D0051CB2A /* ChatViewController.swift */ = {isa = PBXFileReference; lastKnownFileType = sourcecode.swift; path = ChatViewController.swift; sourceTree = "<group>"; };
		076495672BEFA61D0051CB2A /* Base */ = {isa = PBXFileReference; lastKnownFileType = file.storyboard; name = Base; path = Base.lproj/Main.storyboard; sourceTree = "<group>"; };
		076495692BEFA61F0051CB2A /* Assets.xcassets */ = {isa = PBXFileReference; lastKnownFileType = folder.assetcatalog; path = Assets.xcassets; sourceTree = "<group>"; };
		0764956C2BEFA61F0051CB2A /* Base */ = {isa = PBXFileReference; lastKnownFileType = file.storyboard; name = Base; path = Base.lproj/LaunchScreen.storyboard; sourceTree = "<group>"; };
		0764956E2BEFA61F0051CB2A /* Info.plist */ = {isa = PBXFileReference; lastKnownFileType = text.plist.xml; path = Info.plist; sourceTree = "<group>"; };
		076495912BEFA6C90051CB2A /* ChatInteractor.swift */ = {isa = PBXFileReference; lastKnownFileType = sourcecode.swift; path = ChatInteractor.swift; sourceTree = "<group>"; };
		076495942BEFA6EF0051CB2A /* ChatPresenter.swift */ = {isa = PBXFileReference; lastKnownFileType = sourcecode.swift; path = ChatPresenter.swift; sourceTree = "<group>"; };
		0764959A2BEFA7AB0051CB2A /* ChatCell.swift */ = {isa = PBXFileReference; lastKnownFileType = sourcecode.swift; path = ChatCell.swift; sourceTree = "<group>"; };
		0764959C2BEFAAE20051CB2A /* ChatModels.swift */ = {isa = PBXFileReference; lastKnownFileType = sourcecode.swift; path = ChatModels.swift; sourceTree = "<group>"; };
		0764959E2BEFC1630051CB2A /* MessageService.swift */ = {isa = PBXFileReference; lastKnownFileType = sourcecode.swift; path = MessageService.swift; sourceTree = "<group>"; };
		076495A02BEFC17A0051CB2A /* Message.swift */ = {isa = PBXFileReference; lastKnownFileType = sourcecode.swift; path = Message.swift; sourceTree = "<group>"; };
		076495A22BEFC1A40051CB2A /* MessageApi.swift */ = {isa = PBXFileReference; lastKnownFileType = sourcecode.swift; path = MessageApi.swift; sourceTree = "<group>"; };
/* End PBXFileReference section */

/* Begin PBXFrameworksBuildPhase section */
		0764955A2BEFA61D0051CB2A /* Frameworks */ = {
			isa = PBXFrameworksBuildPhase;
			buildActionMask = 2147483647;
			files = (
			);
			runOnlyForDeploymentPostprocessing = 0;
		};
/* End PBXFrameworksBuildPhase section */

/* Begin PBXGroup section */
		076495542BEFA61D0051CB2A = {
			isa = PBXGroup;
			children = (
				0764955F2BEFA61D0051CB2A /* ChatProj */,
				0764955E2BEFA61D0051CB2A /* Products */,
			);
			sourceTree = "<group>";
		};
		0764955E2BEFA61D0051CB2A /* Products */ = {
			isa = PBXGroup;
			children = (
				0764955D2BEFA61D0051CB2A /* ChatProj.app */,
			);
			name = Products;
			sourceTree = "<group>";
		};
		0764955F2BEFA61D0051CB2A /* ChatProj */ = {
			isa = PBXGroup;
			children = (
				076495962BEFA6F60051CB2A /* Network */,
				076495902BEFA6A20051CB2A /* UI */,
				076495602BEFA61D0051CB2A /* AppDelegate.swift */,
				076495622BEFA61D0051CB2A /* SceneDelegate.swift */,
				076495662BEFA61D0051CB2A /* Main.storyboard */,
				076495692BEFA61F0051CB2A /* Assets.xcassets */,
				0764956B2BEFA61F0051CB2A /* LaunchScreen.storyboard */,
				0764956E2BEFA61F0051CB2A /* Info.plist */,
			);
			path = ChatProj;
			sourceTree = "<group>";
		};
		076495902BEFA6A20051CB2A /* UI */ = {
			isa = PBXGroup;
			children = (
				076495932BEFA6D30051CB2A /* Chat */,
			);
			path = UI;
			sourceTree = "<group>";
		};
		076495932BEFA6D30051CB2A /* Chat */ = {
			isa = PBXGroup;
			children = (
				0764959C2BEFAAE20051CB2A /* ChatModels.swift */,
				076495642BEFA61D0051CB2A /* ChatViewController.swift */,
				076495912BEFA6C90051CB2A /* ChatInteractor.swift */,
				076495942BEFA6EF0051CB2A /* ChatPresenter.swift */,
				076495992BEFA7990051CB2A /* Views */,
			);
			path = Chat;
			sourceTree = "<group>";
		};
		076495962BEFA6F60051CB2A /* Network */ = {
			isa = PBXGroup;
			children = (
				076495982BEFA7050051CB2A /* Services */,
				076495972BEFA7000051CB2A /* Models */,
			);
			path = Network;
			sourceTree = "<group>";
		};
		076495972BEFA7000051CB2A /* Models */ = {
			isa = PBXGroup;
			children = (
				076495A02BEFC17A0051CB2A /* Message.swift */,
				076495A22BEFC1A40051CB2A /* MessageApi.swift */,
			);
			path = Models;
			sourceTree = "<group>";
		};
		076495982BEFA7050051CB2A /* Services */ = {
			isa = PBXGroup;
			children = (
				0764959E2BEFC1630051CB2A /* MessageService.swift */,
			);
			path = Services;
			sourceTree = "<group>";
		};
		076495992BEFA7990051CB2A /* Views */ = {
			isa = PBXGroup;
			children = (
				0764959A2BEFA7AB0051CB2A /* ChatCell.swift */,
			);
			path = Views;
			sourceTree = "<group>";
		};
/* End PBXGroup section */

/* Begin PBXNativeTarget section */
		0764955C2BEFA61D0051CB2A /* ChatProj */ = {
			isa = PBXNativeTarget;
			buildConfigurationList = 076495872BEFA61F0051CB2A /* Build configuration list for PBXNativeTarget "ChatProj" */;
			buildPhases = (
				076495592BEFA61D0051CB2A /* Sources */,
				0764955A2BEFA61D0051CB2A /* Frameworks */,
				0764955B2BEFA61D0051CB2A /* Resources */,
			);
			buildRules = (
			);
			dependencies = (
			);
			name = ChatProj;
			productName = ChatProj;
			productReference = 0764955D2BEFA61D0051CB2A /* ChatProj.app */;
			productType = "com.apple.product-type.application";
		};
/* End PBXNativeTarget section */

/* Begin PBXProject section */
		076495552BEFA61D0051CB2A /* Project object */ = {
			isa = PBXProject;
			attributes = {
				BuildIndependentTargetsInParallel = 1;
				LastSwiftUpdateCheck = 1530;
				LastUpgradeCheck = 1530;
				TargetAttributes = {
					0764955C2BEFA61D0051CB2A = {
						CreatedOnToolsVersion = 15.3;
					};
				};
			};
			buildConfigurationList = 076495582BEFA61D0051CB2A /* Build configuration list for PBXProject "ChatProj" */;
			compatibilityVersion = "Xcode 14.0";
			developmentRegion = en;
			hasScannedForEncodings = 0;
			knownRegions = (
				en,
				Base,
			);
			mainGroup = 076495542BEFA61D0051CB2A;
			productRefGroup = 0764955E2BEFA61D0051CB2A /* Products */;
			projectDirPath = "";
			projectRoot = "";
			targets = (
				0764955C2BEFA61D0051CB2A /* ChatProj */,
			);
		};
/* End PBXProject section */

/* Begin PBXResourcesBuildPhase section */
		0764955B2BEFA61D0051CB2A /* Resources */ = {
			isa = PBXResourcesBuildPhase;
			buildActionMask = 2147483647;
			files = (
				0764956A2BEFA61F0051CB2A /* Assets.xcassets in Resources */,
				0764956D2BEFA61F0051CB2A /* Base in Resources */,
				076495682BEFA61D0051CB2A /* Base in Resources */,
			);
			runOnlyForDeploymentPostprocessing = 0;
		};
/* End PBXResourcesBuildPhase section */

/* Begin PBXSourcesBuildPhase section */
		076495592BEFA61D0051CB2A /* Sources */ = {
			isa = PBXSourcesBuildPhase;
			buildActionMask = 2147483647;
			files = (
				076495652BEFA61D0051CB2A /* ChatViewController.swift in Sources */,
				076495612BEFA61D0051CB2A /* AppDelegate.swift in Sources */,
				076495922BEFA6C90051CB2A /* ChatInteractor.swift in Sources */,
				076495A12BEFC17A0051CB2A /* Message.swift in Sources */,
				0764959D2BEFAAE20051CB2A /* ChatModels.swift in Sources */,
				076495952BEFA6EF0051CB2A /* ChatPresenter.swift in Sources */,
				076495A32BEFC1A40051CB2A /* MessageApi.swift in Sources */,
				0764959F2BEFC1630051CB2A /* MessageService.swift in Sources */,
				076495632BEFA61D0051CB2A /* SceneDelegate.swift in Sources */,
				0764959B2BEFA7AB0051CB2A /* ChatCell.swift in Sources */,
			);
			runOnlyForDeploymentPostprocessing = 0;
		};
/* End PBXSourcesBuildPhase section */

/* Begin PBXVariantGroup section */
		076495662BEFA61D0051CB2A /* Main.storyboard */ = {
			isa = PBXVariantGroup;
			children = (
				076495672BEFA61D0051CB2A /* Base */,
			);
			name = Main.storyboard;
			sourceTree = "<group>";
		};
		0764956B2BEFA61F0051CB2A /* LaunchScreen.storyboard */ = {
			isa = PBXVariantGroup;
			children = (
				0764956C2BEFA61F0051CB2A /* Base */,
			);
			name = LaunchScreen.storyboard;
			sourceTree = "<group>";
		};
/* End PBXVariantGroup section */

/* Begin XCBuildConfiguration section */
		076495852BEFA61F0051CB2A /* Debug */ = {
			isa = XCBuildConfiguration;
			buildSettings = {
				ALWAYS_SEARCH_USER_PATHS = NO;
				ASSETCATALOG_COMPILER_GENERATE_SWIFT_ASSET_SYMBOL_EXTENSIONS = YES;
				CLANG_ANALYZER_NONNULL = YES;
				CLANG_ANALYZER_NUMBER_OBJECT_CONVERSION = YES_AGGRESSIVE;
				CLANG_CXX_LANGUAGE_STANDARD = "gnu++20";
				CLANG_ENABLE_MODULES = YES;
				CLANG_ENABLE_OBJC_ARC = YES;
				CLANG_ENABLE_OBJC_WEAK = YES;
				CLANG_WARN_BLOCK_CAPTURE_AUTORELEASING = YES;
				CLANG_WARN_BOOL_CONVERSION = YES;
				CLANG_WARN_COMMA = YES;
				CLANG_WARN_CONSTANT_CONVERSION = YES;
				CLANG_WARN_DEPRECATED_OBJC_IMPLEMENTATIONS = YES;
				CLANG_WARN_DIRECT_OBJC_ISA_USAGE = YES_ERROR;
				CLANG_WARN_DOCUMENTATION_COMMENTS = YES;
				CLANG_WARN_EMPTY_BODY = YES;
				CLANG_WARN_ENUM_CONVERSION = YES;
				CLANG_WARN_INFINITE_RECURSION = YES;
				CLANG_WARN_INT_CONVERSION = YES;
				CLANG_WARN_NON_LITERAL_NULL_CONVERSION = YES;
				CLANG_WARN_OBJC_IMPLICIT_RETAIN_SELF = YES;
				CLANG_WARN_OBJC_LITERAL_CONVERSION = YES;
				CLANG_WARN_OBJC_ROOT_CLASS = YES_ERROR;
				CLANG_WARN_QUOTED_INCLUDE_IN_FRAMEWORK_HEADER = YES;
				CLANG_WARN_RANGE_LOOP_ANALYSIS = YES;
				CLANG_WARN_STRICT_PROTOTYPES = YES;
				CLANG_WARN_SUSPICIOUS_MOVE = YES;
				CLANG_WARN_UNGUARDED_AVAILABILITY = YES_AGGRESSIVE;
				CLANG_WARN_UNREACHABLE_CODE = YES;
				CLANG_WARN__DUPLICATE_METHOD_MATCH = YES;
				COPY_PHASE_STRIP = NO;
				DEBUG_INFORMATION_FORMAT = dwarf;
				ENABLE_STRICT_OBJC_MSGSEND = YES;
				ENABLE_TESTABILITY = YES;
				ENABLE_USER_SCRIPT_SANDBOXING = YES;
				GCC_C_LANGUAGE_STANDARD = gnu17;
				GCC_DYNAMIC_NO_PIC = NO;
				GCC_NO_COMMON_BLOCKS = YES;
				GCC_OPTIMIZATION_LEVEL = 0;
				GCC_PREPROCESSOR_DEFINITIONS = (
					"DEBUG=1",
					"$(inherited)",
				);
				GCC_WARN_64_TO_32_BIT_CONVERSION = YES;
				GCC_WARN_ABOUT_RETURN_TYPE = YES_ERROR;
				GCC_WARN_UNDECLARED_SELECTOR = YES;
				GCC_WARN_UNINITIALIZED_AUTOS = YES_AGGRESSIVE;
				GCC_WARN_UNUSED_FUNCTION = YES;
				GCC_WARN_UNUSED_VARIABLE = YES;
				IPHONEOS_DEPLOYMENT_TARGET = 17.4;
				LOCALIZATION_PREFERS_STRING_CATALOGS = YES;
				MTL_ENABLE_DEBUG_INFO = INCLUDE_SOURCE;
				MTL_FAST_MATH = YES;
				ONLY_ACTIVE_ARCH = YES;
				SDKROOT = iphoneos;
				SWIFT_ACTIVE_COMPILATION_CONDITIONS = "DEBUG $(inherited)";
				SWIFT_OPTIMIZATION_LEVEL = "-Onone";
			};
			name = Debug;
		};
		076495862BEFA61F0051CB2A /* Release */ = {
			isa = XCBuildConfiguration;
			buildSettings = {
				ALWAYS_SEARCH_USER_PATHS = NO;
				ASSETCATALOG_COMPILER_GENERATE_SWIFT_ASSET_SYMBOL_EXTENSIONS = YES;
				CLANG_ANALYZER_NONNULL = YES;
				CLANG_ANALYZER_NUMBER_OBJECT_CONVERSION = YES_AGGRESSIVE;
				CLANG_CXX_LANGUAGE_STANDARD = "gnu++20";
				CLANG_ENABLE_MODULES = YES;
				CLANG_ENABLE_OBJC_ARC = YES;
				CLANG_ENABLE_OBJC_WEAK = YES;
				CLANG_WARN_BLOCK_CAPTURE_AUTORELEASING = YES;
				CLANG_WARN_BOOL_CONVERSION = YES;
				CLANG_WARN_COMMA = YES;
				CLANG_WARN_CONSTANT_CONVERSION = YES;
				CLANG_WARN_DEPRECATED_OBJC_IMPLEMENTATIONS = YES;
				CLANG_WARN_DIRECT_OBJC_ISA_USAGE = YES_ERROR;
				CLANG_WARN_DOCUMENTATION_COMMENTS = YES;
				CLANG_WARN_EMPTY_BODY = YES;
				CLANG_WARN_ENUM_CONVERSION = YES;
				CLANG_WARN_INFINITE_RECURSION = YES;
				CLANG_WARN_INT_CONVERSION = YES;
				CLANG_WARN_NON_LITERAL_NULL_CONVERSION = YES;
				CLANG_WARN_OBJC_IMPLICIT_RETAIN_SELF = YES;
				CLANG_WARN_OBJC_LITERAL_CONVERSION = YES;
				CLANG_WARN_OBJC_ROOT_CLASS = YES_ERROR;
				CLANG_WARN_QUOTED_INCLUDE_IN_FRAMEWORK_HEADER = YES;
				CLANG_WARN_RANGE_LOOP_ANALYSIS = YES;
				CLANG_WARN_STRICT_PROTOTYPES = YES;
				CLANG_WARN_SUSPICIOUS_MOVE = YES;
				CLANG_WARN_UNGUARDED_AVAILABILITY = YES_AGGRESSIVE;
				CLANG_WARN_UNREACHABLE_CODE = YES;
				CLANG_WARN__DUPLICATE_METHOD_MATCH = YES;
				COPY_PHASE_STRIP = NO;
				DEBUG_INFORMATION_FORMAT = "dwarf-with-dsym";
				ENABLE_NS_ASSERTIONS = NO;
				ENABLE_STRICT_OBJC_MSGSEND = YES;
				ENABLE_USER_SCRIPT_SANDBOXING = YES;
				GCC_C_LANGUAGE_STANDARD = gnu17;
				GCC_NO_COMMON_BLOCKS = YES;
				GCC_WARN_64_TO_32_BIT_CONVERSION = YES;
				GCC_WARN_ABOUT_RETURN_TYPE = YES_ERROR;
				GCC_WARN_UNDECLARED_SELECTOR = YES;
				GCC_WARN_UNINITIALIZED_AUTOS = YES_AGGRESSIVE;
				GCC_WARN_UNUSED_FUNCTION = YES;
				GCC_WARN_UNUSED_VARIABLE = YES;
				IPHONEOS_DEPLOYMENT_TARGET = 17.4;
				LOCALIZATION_PREFERS_STRING_CATALOGS = YES;
				MTL_ENABLE_DEBUG_INFO = NO;
				MTL_FAST_MATH = YES;
				SDKROOT = iphoneos;
				SWIFT_COMPILATION_MODE = wholemodule;
				VALIDATE_PRODUCT = YES;
			};
			name = Release;
		};
		076495882BEFA61F0051CB2A /* Debug */ = {
			isa = XCBuildConfiguration;
			buildSettings = {
				ASSETCATALOG_COMPILER_APPICON_NAME = AppIcon;
				ASSETCATALOG_COMPILER_GLOBAL_ACCENT_COLOR_NAME = AccentColor;
				CODE_SIGN_STYLE = Automatic;
				CURRENT_PROJECT_VERSION = 1;
				GENERATE_INFOPLIST_FILE = YES;
				INFOPLIST_FILE = ChatProj/Info.plist;
				INFOPLIST_KEY_UIApplicationSupportsIndirectInputEvents = YES;
				INFOPLIST_KEY_UILaunchStoryboardName = LaunchScreen;
				INFOPLIST_KEY_UIMainStoryboardFile = Main;
				INFOPLIST_KEY_UISupportedInterfaceOrientations_iPad = "UIInterfaceOrientationPortrait UIInterfaceOrientationPortraitUpsideDown UIInterfaceOrientationLandscapeLeft UIInterfaceOrientationLandscapeRight";
				INFOPLIST_KEY_UISupportedInterfaceOrientations_iPhone = "UIInterfaceOrientationPortrait UIInterfaceOrientationLandscapeLeft UIInterfaceOrientationLandscapeRight";
				LD_RUNPATH_SEARCH_PATHS = (
					"$(inherited)",
					"@executable_path/Frameworks",
				);
				MARKETING_VERSION = 1.0;
				PRODUCT_BUNDLE_IDENTIFIER = grigory.ChatProj;
				PRODUCT_NAME = "$(TARGET_NAME)";
				SWIFT_EMIT_LOC_STRINGS = YES;
				SWIFT_VERSION = 5.0;
				TARGETED_DEVICE_FAMILY = "1,2";
			};
			name = Debug;
		};
		076495892BEFA61F0051CB2A /* Release */ = {
			isa = XCBuildConfiguration;
			buildSettings = {
				ASSETCATALOG_COMPILER_APPICON_NAME = AppIcon;
				ASSETCATALOG_COMPILER_GLOBAL_ACCENT_COLOR_NAME = AccentColor;
				CODE_SIGN_STYLE = Automatic;
				CURRENT_PROJECT_VERSION = 1;
				GENERATE_INFOPLIST_FILE = YES;
				INFOPLIST_FILE = ChatProj/Info.plist;
				INFOPLIST_KEY_UIApplicationSupportsIndirectInputEvents = YES;
				INFOPLIST_KEY_UILaunchStoryboardName = LaunchScreen;
				INFOPLIST_KEY_UIMainStoryboardFile = Main;
				INFOPLIST_KEY_UISupportedInterfaceOrientations_iPad = "UIInterfaceOrientationPortrait UIInterfaceOrientationPortraitUpsideDown UIInterfaceOrientationLandscapeLeft UIInterfaceOrientationLandscapeRight";
				INFOPLIST_KEY_UISupportedInterfaceOrientations_iPhone = "UIInterfaceOrientationPortrait UIInterfaceOrientationLandscapeLeft UIInterfaceOrientationLandscapeRight";
				LD_RUNPATH_SEARCH_PATHS = (
					"$(inherited)",
					"@executable_path/Frameworks",
				);
				MARKETING_VERSION = 1.0;
				PRODUCT_BUNDLE_IDENTIFIER = grigory.ChatProj;
				PRODUCT_NAME = "$(TARGET_NAME)";
				SWIFT_EMIT_LOC_STRINGS = YES;
				SWIFT_VERSION = 5.0;
				TARGETED_DEVICE_FAMILY = "1,2";
			};
			name = Release;
		};
/* End XCBuildConfiguration section */

/* Begin XCConfigurationList section */
		076495582BEFA61D0051CB2A /* Build configuration list for PBXProject "ChatProj" */ = {
			isa = XCConfigurationList;
			buildConfigurations = (
				076495852BEFA61F0051CB2A /* Debug */,
				076495862BEFA61F0051CB2A /* Release */,
			);
			defaultConfigurationIsVisible = 0;
			defaultConfigurationName = Release;
		};
		076495872BEFA61F0051CB2A /* Build configuration list for PBXNativeTarget "ChatProj" */ = {
			isa = XCConfigurationList;
			buildConfigurations = (
				076495882BEFA61F0051CB2A /* Debug */,
				076495892BEFA61F0051CB2A /* Release */,
			);
			defaultConfigurationIsVisible = 0;
			defaultConfigurationName = Release;
		};
/* End XCConfigurationList section */
	};
	rootObject = 076495552BEFA61D0051CB2A /* Project object */;
}
